
Microsoft Visual Studio Solution File, Format Version 12.00
# Visual Studio 2012
Project("{FAE04EC0-301F-11D3-BF4B-00C04F79EFBC}") = "RxApp", "RxApp\RxApp.csproj", "{CC5733DE-CD02-451A-8371-2F6067A5CE07}"
EndProject
Project("{FAE04EC0-301F-11D3-BF4B-00C04F79EFBC}") = "RxApp.Android", "RxApp.Android\RxApp.Android.csproj", "{C25BB5A4-5A21-4837-8F8F-B46673937F6D}"
EndProject
Project("{FAE04EC0-301F-11D3-BF4B-00C04F79EFBC}") = "RxApp.Example.Android", "RxApp.Example.Android\RxApp.Example.Android.csproj", "{848066BF-3AC4-4984-B106-7C18D778169E}"
EndProject
Project("{FAE04EC0-301F-11D3-BF4B-00C04F79EFBC}") = "RxApp.Example", "RxApp.Example\RxApp.Example.csproj", "{45AD3C90-23ED-4424-9F50-D8E843A59B7A}"
EndProject
Project("{FAE04EC0-301F-11D3-BF4B-00C04F79EFBC}") = "RxApp.iOS", "RxApp.iOS\RxApp.iOS.csproj", "{8FA289F3-255E-46D7-8946-8C1FA9B4B65C}"
EndProject
Project("{FAE04EC0-301F-11D3-BF4B-00C04F79EFBC}") = "RxApp.Example.iOS", "RxApp.Example.iOS\RxApp.Example.iOS.csproj", "{0CBC3E6A-FA9A-4D3B-8746-35FD04D453C5}"
EndProject
Project("{FAE04EC0-301F-11D3-BF4B-00C04F79EFBC}") = "RxApp.XamarinForms", "RxApp.XamarinForms\RxApp.XamarinForms.csproj", "{D3B874B7-575E-492C-9C70-F4D980653ABF}"
EndProject
Project("{FAE04EC0-301F-11D3-BF4B-00C04F79EFBC}") = "RxApp.Example.XamarinForms", "RxApp.Example.XamarinForms\RxApp.Example.XamarinForms.csproj", "{B2528800-4CD4-43FB-8EF5-5EC73F37389A}"
EndProject
Project("{FAE04EC0-301F-11D3-BF4B-00C04F79EFBC}") = "RxApp.WPF", "RxApp.WPF\RxApp.WPF.csproj", "{14A1EF88-E82C-4E3E-BE4C-9C42DEA767E6}"
EndProject
Project("{FAE04EC0-301F-11D3-BF4B-00C04F79EFBC}") = "RxApp.Android.Support.v4", "RxApp.Android.Support.v4\RxApp.Android.Support.v4.csproj", "{BBEE95A4-6F63-4B9A-A3BD-99EF3901EB95}"
EndProject
Project("{FAE04EC0-301F-11D3-BF4B-00C04F79EFBC}") = "RxApp.Android.Support.v7.AppCompat", "RxApp.Android.Support.v7.AppCompat\RxApp.Android.Support.v7.AppCompat.csproj", "{5C9F268C-C30D-491A-9B4C-8D46934AA416}"
EndProject
Project("{FAE04EC0-301F-11D3-BF4B-00C04F79EFBC}") = "RxApp.XamarinForms-Android", "RxApp.XamarinForms\RxApp.XamarinForms-Android.csproj", "{CFCF3B6C-8D9E-4A7F-A2BC-CF2CFEEA3594}"
EndProject
Project("{FAE04EC0-301F-11D3-BF4B-00C04F79EFBC}") = "RxApp.XamarinForms-iOS", "RxApp.XamarinForms\RxApp.XamarinForms-iOS.csproj", "{F5D6C600-B70E-4815-8391-4582CCEEEACD}"
EndProject
Project("{FAE04EC0-301F-11D3-BF4B-00C04F79EFBC}") = "RxApp.Example.XamarinForms.Android", "RxApp.Example.XamarinForms.Android\RxApp.Example.XamarinForms.Android.csproj", "{C9AFC66A-1528-4E53-AE82-E50DED3D7280}"
EndProject
Project("{FAE04EC0-301F-11D3-BF4B-00C04F79EFBC}") = "RxApp.Example.XamarinForms.iOS", "RxApp.Example.XamarinForms.iOS\RxApp.Example.XamarinForms.iOS.csproj", "{1082C37D-956C-4F08-80B6-C8052A4B3B08}"
EndProject
Global
	GlobalSection(SolutionConfigurationPlatforms) = preSolution
		Debug|Any CPU = Debug|Any CPU
		Release|Any CPU = Release|Any CPU
		Debug|iPhoneSimulator = Debug|iPhoneSimulator
		Release|iPhoneSimulator = Release|iPhoneSimulator
		Debug|iPhone = Debug|iPhone
		Release|iPhone = Release|iPhone
		Ad-Hoc|iPhone = Ad-Hoc|iPhone
		AppStore|iPhone = AppStore|iPhone
	EndGlobalSection
	GlobalSection(ProjectConfigurationPlatforms) = postSolution
		{0CBC3E6A-FA9A-4D3B-8746-35FD04D453C5}.Ad-Hoc|iPhone.ActiveCfg = Ad-Hoc|iPhone
		{0CBC3E6A-FA9A-4D3B-8746-35FD04D453C5}.Ad-Hoc|iPhone.Build.0 = Ad-Hoc|iPhone
		{0CBC3E6A-FA9A-4D3B-8746-35FD04D453C5}.AppStore|iPhone.ActiveCfg = AppStore|iPhone
		{0CBC3E6A-FA9A-4D3B-8746-35FD04D453C5}.AppStore|iPhone.Build.0 = AppStore|iPhone
		{0CBC3E6A-FA9A-4D3B-8746-35FD04D453C5}.Debug|Any CPU.ActiveCfg = Debug|iPhoneSimulator
		{0CBC3E6A-FA9A-4D3B-8746-35FD04D453C5}.Debug|Any CPU.Build.0 = Debug|iPhoneSimulator
		{0CBC3E6A-FA9A-4D3B-8746-35FD04D453C5}.Debug|iPhone.ActiveCfg = Debug|iPhone
		{0CBC3E6A-FA9A-4D3B-8746-35FD04D453C5}.Debug|iPhone.Build.0 = Debug|iPhone
		{0CBC3E6A-FA9A-4D3B-8746-35FD04D453C5}.Debug|iPhoneSimulator.ActiveCfg = Debug|iPhoneSimulator
		{0CBC3E6A-FA9A-4D3B-8746-35FD04D453C5}.Debug|iPhoneSimulator.Build.0 = Debug|iPhoneSimulator
		{0CBC3E6A-FA9A-4D3B-8746-35FD04D453C5}.Release|Any CPU.ActiveCfg = Release|iPhoneSimulator
		{0CBC3E6A-FA9A-4D3B-8746-35FD04D453C5}.Release|Any CPU.Build.0 = Release|iPhoneSimulator
		{0CBC3E6A-FA9A-4D3B-8746-35FD04D453C5}.Release|iPhone.ActiveCfg = Release|iPhone
		{0CBC3E6A-FA9A-4D3B-8746-35FD04D453C5}.Release|iPhone.Build.0 = Release|iPhone
		{0CBC3E6A-FA9A-4D3B-8746-35FD04D453C5}.Release|iPhoneSimulator.ActiveCfg = Release|iPhoneSimulator
		{0CBC3E6A-FA9A-4D3B-8746-35FD04D453C5}.Release|iPhoneSimulator.Build.0 = Release|iPhoneSimulator
		{1082C37D-956C-4F08-80B6-C8052A4B3B08}.Ad-Hoc|iPhone.ActiveCfg = Ad-Hoc|iPhone
		{1082C37D-956C-4F08-80B6-C8052A4B3B08}.Ad-Hoc|iPhone.Build.0 = Ad-Hoc|iPhone
		{1082C37D-956C-4F08-80B6-C8052A4B3B08}.AppStore|iPhone.ActiveCfg = AppStore|iPhone
		{1082C37D-956C-4F08-80B6-C8052A4B3B08}.AppStore|iPhone.Build.0 = AppStore|iPhone
		{1082C37D-956C-4F08-80B6-C8052A4B3B08}.Debug|Any CPU.ActiveCfg = Debug|iPhoneSimulator
		{1082C37D-956C-4F08-80B6-C8052A4B3B08}.Debug|Any CPU.Build.0 = Debug|iPhoneSimulator
		{1082C37D-956C-4F08-80B6-C8052A4B3B08}.Debug|iPhone.ActiveCfg = Debug|iPhone
		{1082C37D-956C-4F08-80B6-C8052A4B3B08}.Debug|iPhone.Build.0 = Debug|iPhone
		{1082C37D-956C-4F08-80B6-C8052A4B3B08}.Debug|iPhoneSimulator.ActiveCfg = Debug|iPhoneSimulator
		{1082C37D-956C-4F08-80B6-C8052A4B3B08}.Debug|iPhoneSimulator.Build.0 = Debug|iPhoneSimulator
		{1082C37D-956C-4F08-80B6-C8052A4B3B08}.Release|Any CPU.ActiveCfg = Release|iPhoneSimulator
		{1082C37D-956C-4F08-80B6-C8052A4B3B08}.Release|Any CPU.Build.0 = Release|iPhoneSimulator
		{1082C37D-956C-4F08-80B6-C8052A4B3B08}.Release|iPhone.ActiveCfg = Release|iPhone
		{1082C37D-956C-4F08-80B6-C8052A4B3B08}.Release|iPhone.Build.0 = Release|iPhone
		{1082C37D-956C-4F08-80B6-C8052A4B3B08}.Release|iPhoneSimulator.ActiveCfg = Release|iPhoneSimulator
		{1082C37D-956C-4F08-80B6-C8052A4B3B08}.Release|iPhoneSimulator.Build.0 = Release|iPhoneSimulator
		{14A1EF88-E82C-4E3E-BE4C-9C42DEA767E6}.Ad-Hoc|iPhone.ActiveCfg = Release|Any CPU
		{14A1EF88-E82C-4E3E-BE4C-9C42DEA767E6}.Ad-Hoc|iPhone.Build.0 = Release|Any CPU
		{14A1EF88-E82C-4E3E-BE4C-9C42DEA767E6}.AppStore|iPhone.ActiveCfg = Release|Any CPU
		{14A1EF88-E82C-4E3E-BE4C-9C42DEA767E6}.AppStore|iPhone.Build.0 = Release|Any CPU
		{14A1EF88-E82C-4E3E-BE4C-9C42DEA767E6}.Debug|Any CPU.ActiveCfg = Debug|Any CPU
		{14A1EF88-E82C-4E3E-BE4C-9C42DEA767E6}.Debug|Any CPU.Build.0 = Debug|Any CPU
		{14A1EF88-E82C-4E3E-BE4C-9C42DEA767E6}.Debug|iPhone.ActiveCfg = Debug|Any CPU
		{14A1EF88-E82C-4E3E-BE4C-9C42DEA767E6}.Debug|iPhone.Build.0 = Debug|Any CPU
		{14A1EF88-E82C-4E3E-BE4C-9C42DEA767E6}.Debug|iPhoneSimulator.ActiveCfg = Debug|Any CPU
		{14A1EF88-E82C-4E3E-BE4C-9C42DEA767E6}.Debug|iPhoneSimulator.Build.0 = Debug|Any CPU
		{14A1EF88-E82C-4E3E-BE4C-9C42DEA767E6}.Release|Any CPU.ActiveCfg = Release|Any CPU
		{14A1EF88-E82C-4E3E-BE4C-9C42DEA767E6}.Release|Any CPU.Build.0 = Release|Any CPU
		{14A1EF88-E82C-4E3E-BE4C-9C42DEA767E6}.Release|iPhone.ActiveCfg = Release|Any CPU
		{14A1EF88-E82C-4E3E-BE4C-9C42DEA767E6}.Release|iPhone.Build.0 = Release|Any CPU
		{14A1EF88-E82C-4E3E-BE4C-9C42DEA767E6}.Release|iPhoneSimulator.ActiveCfg = Release|Any CPU
		{14A1EF88-E82C-4E3E-BE4C-9C42DEA767E6}.Release|iPhoneSimulator.Build.0 = Release|Any CPU
		{45AD3C90-23ED-4424-9F50-D8E843A59B7A}.Ad-Hoc|iPhone.ActiveCfg = Debug|Any CPU
		{45AD3C90-23ED-4424-9F50-D8E843A59B7A}.Ad-Hoc|iPhone.Build.0 = Debug|Any CPU
		{45AD3C90-23ED-4424-9F50-D8E843A59B7A}.AppStore|iPhone.ActiveCfg = Debug|Any CPU
		{45AD3C90-23ED-4424-9F50-D8E843A59B7A}.AppStore|iPhone.Build.0 = Debug|Any CPU
		{45AD3C90-23ED-4424-9F50-D8E843A59B7A}.Debug|Any CPU.ActiveCfg = Debug|Any CPU
		{45AD3C90-23ED-4424-9F50-D8E843A59B7A}.Debug|Any CPU.Build.0 = Debug|Any CPU
		{45AD3C90-23ED-4424-9F50-D8E843A59B7A}.Debug|iPhone.ActiveCfg = Debug|Any CPU
		{45AD3C90-23ED-4424-9F50-D8E843A59B7A}.Debug|iPhone.Build.0 = Debug|Any CPU
		{45AD3C90-23ED-4424-9F50-D8E843A59B7A}.Debug|iPhoneSimulator.ActiveCfg = Debug|Any CPU
		{45AD3C90-23ED-4424-9F50-D8E843A59B7A}.Debug|iPhoneSimulator.Build.0 = Debug|Any CPU
		{45AD3C90-23ED-4424-9F50-D8E843A59B7A}.Release|Any CPU.ActiveCfg = Release|Any CPU
		{45AD3C90-23ED-4424-9F50-D8E843A59B7A}.Release|Any CPU.Build.0 = Release|Any CPU
		{45AD3C90-23ED-4424-9F50-D8E843A59B7A}.Release|iPhone.ActiveCfg = Release|Any CPU
		{45AD3C90-23ED-4424-9F50-D8E843A59B7A}.Release|iPhone.Build.0 = Release|Any CPU
		{45AD3C90-23ED-4424-9F50-D8E843A59B7A}.Release|iPhoneSimulator.ActiveCfg = Release|Any CPU
		{45AD3C90-23ED-4424-9F50-D8E843A59B7A}.Release|iPhoneSimulator.Build.0 = Release|Any CPU
		{5C9F268C-C30D-491A-9B4C-8D46934AA416}.Ad-Hoc|iPhone.ActiveCfg = Release|Any CPU
		{5C9F268C-C30D-491A-9B4C-8D46934AA416}.Ad-Hoc|iPhone.Build.0 = Release|Any CPU
		{5C9F268C-C30D-491A-9B4C-8D46934AA416}.AppStore|iPhone.ActiveCfg = Release|Any CPU
		{5C9F268C-C30D-491A-9B4C-8D46934AA416}.AppStore|iPhone.Build.0 = Release|Any CPU
		{5C9F268C-C30D-491A-9B4C-8D46934AA416}.Debug|Any CPU.ActiveCfg = Debug|Any CPU
		{5C9F268C-C30D-491A-9B4C-8D46934AA416}.Debug|Any CPU.Build.0 = Debug|Any CPU
		{5C9F268C-C30D-491A-9B4C-8D46934AA416}.Debug|iPhone.ActiveCfg = Debug|Any CPU
		{5C9F268C-C30D-491A-9B4C-8D46934AA416}.Debug|iPhone.Build.0 = Debug|Any CPU
		{5C9F268C-C30D-491A-9B4C-8D46934AA416}.Debug|iPhoneSimulator.ActiveCfg = Debug|Any CPU
		{5C9F268C-C30D-491A-9B4C-8D46934AA416}.Debug|iPhoneSimulator.Build.0 = Debug|Any CPU
		{5C9F268C-C30D-491A-9B4C-8D46934AA416}.Release|Any CPU.ActiveCfg = Release|Any CPU
		{5C9F268C-C30D-491A-9B4C-8D46934AA416}.Release|Any CPU.Build.0 = Release|Any CPU
		{5C9F268C-C30D-491A-9B4C-8D46934AA416}.Release|iPhone.ActiveCfg = Release|Any CPU
		{5C9F268C-C30D-491A-9B4C-8D46934AA416}.Release|iPhone.Build.0 = Release|Any CPU
		{5C9F268C-C30D-491A-9B4C-8D46934AA416}.Release|iPhoneSimulator.ActiveCfg = Release|Any CPU
		{5C9F268C-C30D-491A-9B4C-8D46934AA416}.Release|iPhoneSimulator.Build.0 = Release|Any CPU
		{848066BF-3AC4-4984-B106-7C18D778169E}.Ad-Hoc|iPhone.ActiveCfg = Debug|Any CPU
		{848066BF-3AC4-4984-B106-7C18D778169E}.Ad-Hoc|iPhone.Build.0 = Debug|Any CPU
		{848066BF-3AC4-4984-B106-7C18D778169E}.AppStore|iPhone.ActiveCfg = Debug|Any CPU
		{848066BF-3AC4-4984-B106-7C18D778169E}.AppStore|iPhone.Build.0 = Debug|Any CPU
		{848066BF-3AC4-4984-B106-7C18D778169E}.Debug|Any CPU.ActiveCfg = Debug|Any CPU
		{848066BF-3AC4-4984-B106-7C18D778169E}.Debug|Any CPU.Build.0 = Debug|Any CPU
		{848066BF-3AC4-4984-B106-7C18D778169E}.Debug|iPhone.ActiveCfg = Debug|Any CPU
		{848066BF-3AC4-4984-B106-7C18D778169E}.Debug|iPhone.Build.0 = Debug|Any CPU
		{848066BF-3AC4-4984-B106-7C18D778169E}.Debug|iPhoneSimulator.ActiveCfg = Debug|Any CPU
		{848066BF-3AC4-4984-B106-7C18D778169E}.Debug|iPhoneSimulator.Build.0 = Debug|Any CPU
		{848066BF-3AC4-4984-B106-7C18D778169E}.Release|Any CPU.ActiveCfg = Release|Any CPU
		{848066BF-3AC4-4984-B106-7C18D778169E}.Release|Any CPU.Build.0 = Release|Any CPU
		{848066BF-3AC4-4984-B106-7C18D778169E}.Release|iPhone.ActiveCfg = Release|Any CPU
		{848066BF-3AC4-4984-B106-7C18D778169E}.Release|iPhone.Build.0 = Release|Any CPU
		{848066BF-3AC4-4984-B106-7C18D778169E}.Release|iPhoneSimulator.ActiveCfg = Release|Any CPU
		{848066BF-3AC4-4984-B106-7C18D778169E}.Release|iPhoneSimulator.Build.0 = Release|Any CPU
		{8FA289F3-255E-46D7-8946-8C1FA9B4B65C}.Ad-Hoc|iPhone.ActiveCfg = Debug|Any CPU
		{8FA289F3-255E-46D7-8946-8C1FA9B4B65C}.Ad-Hoc|iPhone.Build.0 = Debug|Any CPU
		{8FA289F3-255E-46D7-8946-8C1FA9B4B65C}.AppStore|iPhone.ActiveCfg = Debug|Any CPU
		{8FA289F3-255E-46D7-8946-8C1FA9B4B65C}.AppStore|iPhone.Build.0 = Debug|Any CPU
		{8FA289F3-255E-46D7-8946-8C1FA9B4B65C}.Debug|Any CPU.ActiveCfg = Debug|Any CPU
		{8FA289F3-255E-46D7-8946-8C1FA9B4B65C}.Debug|Any CPU.Build.0 = Debug|Any CPU
		{8FA289F3-255E-46D7-8946-8C1FA9B4B65C}.Debug|iPhone.ActiveCfg = Debug|Any CPU
		{8FA289F3-255E-46D7-8946-8C1FA9B4B65C}.Debug|iPhone.Build.0 = Debug|Any CPU
		{8FA289F3-255E-46D7-8946-8C1FA9B4B65C}.Debug|iPhoneSimulator.ActiveCfg = Debug|Any CPU
		{8FA289F3-255E-46D7-8946-8C1FA9B4B65C}.Debug|iPhoneSimulator.Build.0 = Debug|Any CPU
		{8FA289F3-255E-46D7-8946-8C1FA9B4B65C}.Release|Any CPU.ActiveCfg = Release|Any CPU
		{8FA289F3-255E-46D7-8946-8C1FA9B4B65C}.Release|Any CPU.Build.0 = Release|Any CPU
		{8FA289F3-255E-46D7-8946-8C1FA9B4B65C}.Release|iPhone.ActiveCfg = Release|Any CPU
		{8FA289F3-255E-46D7-8946-8C1FA9B4B65C}.Release|iPhone.Build.0 = Release|Any CPU
		{8FA289F3-255E-46D7-8946-8C1FA9B4B65C}.Release|iPhoneSimulator.ActiveCfg = Release|Any CPU
		{8FA289F3-255E-46D7-8946-8C1FA9B4B65C}.Release|iPhoneSimulator.Build.0 = Release|Any CPU
		{B2528800-4CD4-43FB-8EF5-5EC73F37389A}.Ad-Hoc|iPhone.ActiveCfg = Release|Any CPU
		{B2528800-4CD4-43FB-8EF5-5EC73F37389A}.Ad-Hoc|iPhone.Build.0 = Release|Any CPU
		{B2528800-4CD4-43FB-8EF5-5EC73F37389A}.AppStore|iPhone.ActiveCfg = Release|Any CPU
		{B2528800-4CD4-43FB-8EF5-5EC73F37389A}.AppStore|iPhone.Build.0 = Release|Any CPU
		{B2528800-4CD4-43FB-8EF5-5EC73F37389A}.Debug|Any CPU.ActiveCfg = Debug|Any CPU
		{B2528800-4CD4-43FB-8EF5-5EC73F37389A}.Debug|Any CPU.Build.0 = Debug|Any CPU
		{B2528800-4CD4-43FB-8EF5-5EC73F37389A}.Debug|iPhone.ActiveCfg = Debug|Any CPU
		{B2528800-4CD4-43FB-8EF5-5EC73F37389A}.Debug|iPhone.Build.0 = Debug|Any CPU
		{B2528800-4CD4-43FB-8EF5-5EC73F37389A}.Debug|iPhoneSimulator.ActiveCfg = Debug|Any CPU
		{B2528800-4CD4-43FB-8EF5-5EC73F37389A}.Debug|iPhoneSimulator.Build.0 = Debug|Any CPU
		{B2528800-4CD4-43FB-8EF5-5EC73F37389A}.Release|Any CPU.ActiveCfg = Release|Any CPU
		{B2528800-4CD4-43FB-8EF5-5EC73F37389A}.Release|Any CPU.Build.0 = Release|Any CPU
		{B2528800-4CD4-43FB-8EF5-5EC73F37389A}.Release|iPhone.ActiveCfg = Release|Any CPU
		{B2528800-4CD4-43FB-8EF5-5EC73F37389A}.Release|iPhone.Build.0 = Release|Any CPU
		{B2528800-4CD4-43FB-8EF5-5EC73F37389A}.Release|iPhoneSimulator.ActiveCfg = Release|Any CPU
		{B2528800-4CD4-43FB-8EF5-5EC73F37389A}.Release|iPhoneSimulator.Build.0 = Release|Any CPU
		{BBEE95A4-6F63-4B9A-A3BD-99EF3901EB95}.Ad-Hoc|iPhone.ActiveCfg = Release|Any CPU
		{BBEE95A4-6F63-4B9A-A3BD-99EF3901EB95}.Ad-Hoc|iPhone.Build.0 = Release|Any CPU
		{BBEE95A4-6F63-4B9A-A3BD-99EF3901EB95}.AppStore|iPhone.ActiveCfg = Release|Any CPU
		{BBEE95A4-6F63-4B9A-A3BD-99EF3901EB95}.AppStore|iPhone.Build.0 = Release|Any CPU
		{BBEE95A4-6F63-4B9A-A3BD-99EF3901EB95}.Debug|Any CPU.ActiveCfg = Debug|Any CPU
		{BBEE95A4-6F63-4B9A-A3BD-99EF3901EB95}.Debug|Any CPU.Build.0 = Debug|Any CPU
		{BBEE95A4-6F63-4B9A-A3BD-99EF3901EB95}.Debug|iPhone.ActiveCfg = Debug|Any CPU
		{BBEE95A4-6F63-4B9A-A3BD-99EF3901EB95}.Debug|iPhone.Build.0 = Debug|Any CPU
		{BBEE95A4-6F63-4B9A-A3BD-99EF3901EB95}.Debug|iPhoneSimulator.ActiveCfg = Debug|Any CPU
		{BBEE95A4-6F63-4B9A-A3BD-99EF3901EB95}.Debug|iPhoneSimulator.Build.0 = Debug|Any CPU
		{BBEE95A4-6F63-4B9A-A3BD-99EF3901EB95}.Release|Any CPU.ActiveCfg = Release|Any CPU
		{BBEE95A4-6F63-4B9A-A3BD-99EF3901EB95}.Release|Any CPU.Build.0 = Release|Any CPU
		{BBEE95A4-6F63-4B9A-A3BD-99EF3901EB95}.Release|iPhone.ActiveCfg = Release|Any CPU
		{BBEE95A4-6F63-4B9A-A3BD-99EF3901EB95}.Release|iPhone.Build.0 = Release|Any CPU
		{BBEE95A4-6F63-4B9A-A3BD-99EF3901EB95}.Release|iPhoneSimulator.ActiveCfg = Release|Any CPU
		{BBEE95A4-6F63-4B9A-A3BD-99EF3901EB95}.Release|iPhoneSimulator.Build.0 = Release|Any CPU
		{C25BB5A4-5A21-4837-8F8F-B46673937F6D}.Ad-Hoc|iPhone.ActiveCfg = Debug|Any CPU
		{C25BB5A4-5A21-4837-8F8F-B46673937F6D}.Ad-Hoc|iPhone.Build.0 = Debug|Any CPU
		{C25BB5A4-5A21-4837-8F8F-B46673937F6D}.AppStore|iPhone.ActiveCfg = Debug|Any CPU
		{C25BB5A4-5A21-4837-8F8F-B46673937F6D}.AppStore|iPhone.Build.0 = Debug|Any CPU
		{C25BB5A4-5A21-4837-8F8F-B46673937F6D}.Debug|Any CPU.ActiveCfg = Debug|Any CPU
		{C25BB5A4-5A21-4837-8F8F-B46673937F6D}.Debug|Any CPU.Build.0 = Debug|Any CPU
		{C25BB5A4-5A21-4837-8F8F-B46673937F6D}.Debug|iPhone.ActiveCfg = Debug|Any CPU
		{C25BB5A4-5A21-4837-8F8F-B46673937F6D}.Debug|iPhone.Build.0 = Debug|Any CPU
		{C25BB5A4-5A21-4837-8F8F-B46673937F6D}.Debug|iPhoneSimulator.ActiveCfg = Debug|Any CPU
		{C25BB5A4-5A21-4837-8F8F-B46673937F6D}.Debug|iPhoneSimulator.Build.0 = Debug|Any CPU
		{C25BB5A4-5A21-4837-8F8F-B46673937F6D}.Release|Any CPU.ActiveCfg = Release|Any CPU
		{C25BB5A4-5A21-4837-8F8F-B46673937F6D}.Release|Any CPU.Build.0 = Release|Any CPU
		{C25BB5A4-5A21-4837-8F8F-B46673937F6D}.Release|iPhone.ActiveCfg = Release|Any CPU
		{C25BB5A4-5A21-4837-8F8F-B46673937F6D}.Release|iPhone.Build.0 = Release|Any CPU
		{C25BB5A4-5A21-4837-8F8F-B46673937F6D}.Release|iPhoneSimulator.ActiveCfg = Release|Any CPU
		{C25BB5A4-5A21-4837-8F8F-B46673937F6D}.Release|iPhoneSimulator.Build.0 = Release|Any CPU
		{C9AFC66A-1528-4E53-AE82-E50DED3D7280}.Ad-Hoc|iPhone.ActiveCfg = Release|Any CPU
		{C9AFC66A-1528-4E53-AE82-E50DED3D7280}.Ad-Hoc|iPhone.Build.0 = Release|Any CPU
		{C9AFC66A-1528-4E53-AE82-E50DED3D7280}.AppStore|iPhone.ActiveCfg = Release|Any CPU
		{C9AFC66A-1528-4E53-AE82-E50DED3D7280}.AppStore|iPhone.Build.0 = Release|Any CPU
		{C9AFC66A-1528-4E53-AE82-E50DED3D7280}.Debug|Any CPU.ActiveCfg = Debug|Any CPU
		{C9AFC66A-1528-4E53-AE82-E50DED3D7280}.Debug|Any CPU.Build.0 = Debug|Any CPU
		{C9AFC66A-1528-4E53-AE82-E50DED3D7280}.Debug|iPhone.ActiveCfg = Debug|Any CPU
		{C9AFC66A-1528-4E53-AE82-E50DED3D7280}.Debug|iPhone.Build.0 = Debug|Any CPU
		{C9AFC66A-1528-4E53-AE82-E50DED3D7280}.Debug|iPhoneSimulator.ActiveCfg = Debug|Any CPU
		{C9AFC66A-1528-4E53-AE82-E50DED3D7280}.Debug|iPhoneSimulator.Build.0 = Debug|Any CPU
		{C9AFC66A-1528-4E53-AE82-E50DED3D7280}.Release|Any CPU.ActiveCfg = Release|Any CPU
		{C9AFC66A-1528-4E53-AE82-E50DED3D7280}.Release|Any CPU.Build.0 = Release|Any CPU
		{C9AFC66A-1528-4E53-AE82-E50DED3D7280}.Release|iPhone.ActiveCfg = Release|Any CPU
		{C9AFC66A-1528-4E53-AE82-E50DED3D7280}.Release|iPhone.Build.0 = Release|Any CPU
		{C9AFC66A-1528-4E53-AE82-E50DED3D7280}.Release|iPhoneSimulator.ActiveCfg = Release|Any CPU
		{C9AFC66A-1528-4E53-AE82-E50DED3D7280}.Release|iPhoneSimulator.Build.0 = Release|Any CPU
		{CC5733DE-CD02-451A-8371-2F6067A5CE07}.Ad-Hoc|iPhone.ActiveCfg = Debug|Any CPU
		{CC5733DE-CD02-451A-8371-2F6067A5CE07}.Ad-Hoc|iPhone.Build.0 = Debug|Any CPU
		{CC5733DE-CD02-451A-8371-2F6067A5CE07}.AppStore|iPhone.ActiveCfg = Debug|Any CPU
		{CC5733DE-CD02-451A-8371-2F6067A5CE07}.AppStore|iPhone.Build.0 = Debug|Any CPU
		{CC5733DE-CD02-451A-8371-2F6067A5CE07}.Debug|Any CPU.ActiveCfg = Debug|Any CPU
		{CC5733DE-CD02-451A-8371-2F6067A5CE07}.Debug|Any CPU.Build.0 = Debug|Any CPU
		{CC5733DE-CD02-451A-8371-2F6067A5CE07}.Debug|iPhone.ActiveCfg = Debug|Any CPU
		{CC5733DE-CD02-451A-8371-2F6067A5CE07}.Debug|iPhone.Build.0 = Debug|Any CPU
		{CC5733DE-CD02-451A-8371-2F6067A5CE07}.Debug|iPhoneSimulator.ActiveCfg = Debug|Any CPU
		{CC5733DE-CD02-451A-8371-2F6067A5CE07}.Debug|iPhoneSimulator.Build.0 = Debug|Any CPU
		{CC5733DE-CD02-451A-8371-2F6067A5CE07}.Release|Any CPU.ActiveCfg = Release|Any CPU
		{CC5733DE-CD02-451A-8371-2F6067A5CE07}.Release|Any CPU.Build.0 = Release|Any CPU
		{CC5733DE-CD02-451A-8371-2F6067A5CE07}.Release|iPhone.ActiveCfg = Release|Any CPU
		{CC5733DE-CD02-451A-8371-2F6067A5CE07}.Release|iPhone.Build.0 = Release|Any CPU
		{CC5733DE-CD02-451A-8371-2F6067A5CE07}.Release|iPhoneSimulator.ActiveCfg = Release|Any CPU
		{CC5733DE-CD02-451A-8371-2F6067A5CE07}.Release|iPhoneSimulator.Build.0 = Release|Any CPU
		{CFCF3B6C-8D9E-4A7F-A2BC-CF2CFEEA3594}.Ad-Hoc|iPhone.ActiveCfg = Release|Any CPU
		{CFCF3B6C-8D9E-4A7F-A2BC-CF2CFEEA3594}.Ad-Hoc|iPhone.Build.0 = Release|Any CPU
		{CFCF3B6C-8D9E-4A7F-A2BC-CF2CFEEA3594}.AppStore|iPhone.ActiveCfg = Release|Any CPU
		{CFCF3B6C-8D9E-4A7F-A2BC-CF2CFEEA3594}.AppStore|iPhone.Build.0 = Release|Any CPU
		{CFCF3B6C-8D9E-4A7F-A2BC-CF2CFEEA3594}.Debug|Any CPU.ActiveCfg = Debug|Any CPU
		{CFCF3B6C-8D9E-4A7F-A2BC-CF2CFEEA3594}.Debug|Any CPU.Build.0 = Debug|Any CPU
		{CFCF3B6C-8D9E-4A7F-A2BC-CF2CFEEA3594}.Debug|iPhone.ActiveCfg = Debug|Any CPU
		{CFCF3B6C-8D9E-4A7F-A2BC-CF2CFEEA3594}.Debug|iPhone.Build.0 = Debug|Any CPU
		{CFCF3B6C-8D9E-4A7F-A2BC-CF2CFEEA3594}.Debug|iPhoneSimulator.ActiveCfg = Debug|Any CPU
		{CFCF3B6C-8D9E-4A7F-A2BC-CF2CFEEA3594}.Debug|iPhoneSimulator.Build.0 = Debug|Any CPU
		{CFCF3B6C-8D9E-4A7F-A2BC-CF2CFEEA3594}.Release|Any CPU.ActiveCfg = Release|Any CPU
		{CFCF3B6C-8D9E-4A7F-A2BC-CF2CFEEA3594}.Release|Any CPU.Build.0 = Release|Any CPU
		{CFCF3B6C-8D9E-4A7F-A2BC-CF2CFEEA3594}.Release|iPhone.ActiveCfg = Release|Any CPU
		{CFCF3B6C-8D9E-4A7F-A2BC-CF2CFEEA3594}.Release|iPhone.Build.0 = Release|Any CPU
		{CFCF3B6C-8D9E-4A7F-A2BC-CF2CFEEA3594}.Release|iPhoneSimulator.ActiveCfg = Release|Any CPU
		{CFCF3B6C-8D9E-4A7F-A2BC-CF2CFEEA3594}.Release|iPhoneSimulator.Build.0 = Release|Any CPU
		{D3B874B7-575E-492C-9C70-F4D980653ABF}.Ad-Hoc|iPhone.ActiveCfg = Release|Any CPU
		{D3B874B7-575E-492C-9C70-F4D980653ABF}.Ad-Hoc|iPhone.Build.0 = Release|Any CPU
		{D3B874B7-575E-492C-9C70-F4D980653ABF}.AppStore|iPhone.ActiveCfg = Release|Any CPU
		{D3B874B7-575E-492C-9C70-F4D980653ABF}.AppStore|iPhone.Build.0 = Release|Any CPU
		{D3B874B7-575E-492C-9C70-F4D980653ABF}.Debug|Any CPU.ActiveCfg = Debug|Any CPU
		{D3B874B7-575E-492C-9C70-F4D980653ABF}.Debug|Any CPU.Build.0 = Debug|Any CPU
		{D3B874B7-575E-492C-9C70-F4D980653ABF}.Debug|iPhone.ActiveCfg = Debug|Any CPU
		{D3B874B7-575E-492C-9C70-F4D980653ABF}.Debug|iPhone.Build.0 = Debug|Any CPU
		{D3B874B7-575E-492C-9C70-F4D980653ABF}.Debug|iPhoneSimulator.ActiveCfg = Debug|Any CPU
		{D3B874B7-575E-492C-9C70-F4D980653ABF}.Debug|iPhoneSimulator.Build.0 = Debug|Any CPU
		{D3B874B7-575E-492C-9C70-F4D980653ABF}.Release|Any CPU.ActiveCfg = Release|Any CPU
		{D3B874B7-575E-492C-9C70-F4D980653ABF}.Release|Any CPU.Build.0 = Release|Any CPU
		{D3B874B7-575E-492C-9C70-F4D980653ABF}.Release|iPhone.ActiveCfg = Release|Any CPU
		{D3B874B7-575E-492C-9C70-F4D980653ABF}.Release|iPhone.Build.0 = Release|Any CPU
		{D3B874B7-575E-492C-9C70-F4D980653ABF}.Release|iPhoneSimulator.ActiveCfg = Release|Any CPU
		{D3B874B7-575E-492C-9C70-F4D980653ABF}.Release|iPhoneSimulator.Build.0 = Release|Any CPU
		{F5D6C600-B70E-4815-8391-4582CCEEEACD}.Ad-Hoc|iPhone.ActiveCfg = Release|Any CPU
		{F5D6C600-B70E-4815-8391-4582CCEEEACD}.Ad-Hoc|iPhone.Build.0 = Release|Any CPU
		{F5D6C600-B70E-4815-8391-4582CCEEEACD}.AppStore|iPhone.ActiveCfg = Release|Any CPU
		{F5D6C600-B70E-4815-8391-4582CCEEEACD}.AppStore|iPhone.Build.0 = Release|Any CPU
		{F5D6C600-B70E-4815-8391-4582CCEEEACD}.Debug|Any CPU.ActiveCfg = Debug|Any CPU
		{F5D6C600-B70E-4815-8391-4582CCEEEACD}.Debug|Any CPU.Build.0 = Debug|Any CPU
		{F5D6C600-B70E-4815-8391-4582CCEEEACD}.Debug|iPhone.ActiveCfg = Debug|Any CPU
		{F5D6C600-B70E-4815-8391-4582CCEEEACD}.Debug|iPhone.Build.0 = Debug|Any CPU
		{F5D6C600-B70E-4815-8391-4582CCEEEACD}.Debug|iPhoneSimulator.ActiveCfg = Debug|Any CPU
		{F5D6C600-B70E-4815-8391-4582CCEEEACD}.Debug|iPhoneSimulator.Build.0 = Debug|Any CPU
		{F5D6C600-B70E-4815-8391-4582CCEEEACD}.Release|Any CPU.ActiveCfg = Release|Any CPU
		{F5D6C600-B70E-4815-8391-4582CCEEEACD}.Release|Any CPU.Build.0 = Release|Any CPU
		{F5D6C600-B70E-4815-8391-4582CCEEEACD}.Release|iPhone.ActiveCfg = Release|Any CPU
		{F5D6C600-B70E-4815-8391-4582CCEEEACD}.Release|iPhone.Build.0 = Release|Any CPU
		{F5D6C600-B70E-4815-8391-4582CCEEEACD}.Release|iPhoneSimulator.ActiveCfg = Release|Any CPU
		{F5D6C600-B70E-4815-8391-4582CCEEEACD}.Release|iPhoneSimulator.Build.0 = Release|Any CPU
		{1E55B888-7CD4-4E93-B6A8-E0F81A8FE462}.Ad-Hoc|iPhone.ActiveCfg = Ad-Hoc|iPhone
		{1E55B888-7CD4-4E93-B6A8-E0F81A8FE462}.Ad-Hoc|iPhone.Build.0 = Ad-Hoc|iPhone
		{1E55B888-7CD4-4E93-B6A8-E0F81A8FE462}.AppStore|iPhone.ActiveCfg = AppStore|iPhone
		{1E55B888-7CD4-4E93-B6A8-E0F81A8FE462}.AppStore|iPhone.Build.0 = AppStore|iPhone
		{1E55B888-7CD4-4E93-B6A8-E0F81A8FE462}.Debug|Any CPU.ActiveCfg = Debug|iPhoneSimulator
		{1E55B888-7CD4-4E93-B6A8-E0F81A8FE462}.Debug|Any CPU.Build.0 = Debug|iPhoneSimulator
		{1E55B888-7CD4-4E93-B6A8-E0F81A8FE462}.Debug|iPhone.ActiveCfg = Debug|iPhone
		{1E55B888-7CD4-4E93-B6A8-E0F81A8FE462}.Debug|iPhone.Build.0 = Debug|iPhone
		{1E55B888-7CD4-4E93-B6A8-E0F81A8FE462}.Debug|iPhoneSimulator.ActiveCfg = Debug|iPhoneSimulator
		{1E55B888-7CD4-4E93-B6A8-E0F81A8FE462}.Debug|iPhoneSimulator.Build.0 = Debug|iPhoneSimulator
		{1E55B888-7CD4-4E93-B6A8-E0F81A8FE462}.Release|Any CPU.ActiveCfg = Release|iPhoneSimulator
		{1E55B888-7CD4-4E93-B6A8-E0F81A8FE462}.Release|Any CPU.Build.0 = Release|iPhoneSimulator
		{1E55B888-7CD4-4E93-B6A8-E0F81A8FE462}.Release|iPhone.ActiveCfg = Release|iPhone
		{1E55B888-7CD4-4E93-B6A8-E0F81A8FE462}.Release|iPhone.Build.0 = Release|iPhone
		{1E55B888-7CD4-4E93-B6A8-E0F81A8FE462}.Release|iPhoneSimulator.ActiveCfg = Release|iPhoneSimulator
		{1E55B888-7CD4-4E93-B6A8-E0F81A8FE462}.Release|iPhoneSimulator.Build.0 = Release|iPhoneSimulator
		{46222A79-8691-42F4-B588-72F41A00581A}.Ad-Hoc|iPhone.ActiveCfg = Debug|Any CPU
		{46222A79-8691-42F4-B588-72F41A00581A}.Ad-Hoc|iPhone.Build.0 = Debug|Any CPU
		{46222A79-8691-42F4-B588-72F41A00581A}.AppStore|iPhone.ActiveCfg = Debug|Any CPU
		{46222A79-8691-42F4-B588-72F41A00581A}.AppStore|iPhone.Build.0 = Debug|Any CPU
		{46222A79-8691-42F4-B588-72F41A00581A}.Debug|Any CPU.ActiveCfg = Debug|Any CPU
		{46222A79-8691-42F4-B588-72F41A00581A}.Debug|Any CPU.Build.0 = Debug|Any CPU
		{46222A79-8691-42F4-B588-72F41A00581A}.Debug|iPhone.ActiveCfg = Debug|Any CPU
		{46222A79-8691-42F4-B588-72F41A00581A}.Debug|iPhone.Build.0 = Debug|Any CPU
		{46222A79-8691-42F4-B588-72F41A00581A}.Debug|iPhoneSimulator.ActiveCfg = Debug|Any CPU
		{46222A79-8691-42F4-B588-72F41A00581A}.Debug|iPhoneSimulator.Build.0 = Debug|Any CPU
		{46222A79-8691-42F4-B588-72F41A00581A}.Release|Any CPU.ActiveCfg = Release|Any CPU
		{46222A79-8691-42F4-B588-72F41A00581A}.Release|Any CPU.Build.0 = Release|Any CPU
		{46222A79-8691-42F4-B588-72F41A00581A}.Release|iPhone.ActiveCfg = Release|Any CPU
		{46222A79-8691-42F4-B588-72F41A00581A}.Release|iPhone.Build.0 = Release|Any CPU
		{46222A79-8691-42F4-B588-72F41A00581A}.Release|iPhoneSimulator.ActiveCfg = Release|Any CPU
		{46222A79-8691-42F4-B588-72F41A00581A}.Release|iPhoneSimulator.Build.0 = Release|Any CPU
		{89E96EE2-9C28-49B3-AD8D-1FFF4AAD9417}.Debug|Any CPU.ActiveCfg = Debug|Any CPU
		{89E96EE2-9C28-49B3-AD8D-1FFF4AAD9417}.Debug|Any CPU.Build.0 = Debug|Any CPU
		{89E96EE2-9C28-49B3-AD8D-1FFF4AAD9417}.Release|Any CPU.ActiveCfg = Release|Any CPU
		{89E96EE2-9C28-49B3-AD8D-1FFF4AAD9417}.Release|Any CPU.Build.0 = Release|Any CPU
	EndGlobalSection
EndGlobal
