
Microsoft Visual Studio Solution File, Format Version 12.00
# Visual Studio 2012
Project("{FAE04EC0-301F-11D3-BF4B-00C04F79EFBC}") = "RxApp", "RxApp\RxApp.csproj", "{CC5733DE-CD02-451A-8371-2F6067A5CE07}"
EndProject
Project("{FAE04EC0-301F-11D3-BF4B-00C04F79EFBC}") = "RxApp.Android", "RxApp.Android\RxApp.Android.csproj", "{C25BB5A4-5A21-4837-8F8F-B46673937F6D}"
EndProject
Project("{FAE04EC0-301F-11D3-BF4B-00C04F79EFBC}") = "RxApp.Example.Android", "RxApp.Example.Android\RxApp.Example.Android.csproj", "{848066BF-3AC4-4984-B106-7C18D778169E}"
EndProject
Project("{FAE04EC0-301F-11D3-BF4B-00C04F79EFBC}") = "RxApp.iOS", "RxApp.iOS\RxApp.iOS.csproj", "{46222A79-8691-42F4-B588-72F41A00581A}"
EndProject
Project("{FAE04EC0-301F-11D3-BF4B-00C04F79EFBC}") = "RxApp.Example.iOS", "RxApp.Example.iOS\RxApp.Example.iOS.csproj", "{1E55B888-7CD4-4E93-B6A8-E0F81A8FE462}"
EndProject
Project("{FAE04EC0-301F-11D3-BF4B-00C04F79EFBC}") = "RxApp.Example", "RxApp.Example\RxApp.Example.csproj", "{45AD3C90-23ED-4424-9F50-D8E843A59B7A}"
EndProject
Global
	GlobalSection(SolutionConfigurationPlatforms) = preSolution
		Debug|Any CPU = Debug|Any CPU
		Release|Any CPU = Release|Any CPU
		Debug|iPhoneSimulator = Debug|iPhoneSimulator
		Release|iPhoneSimulator = Release|iPhoneSimulator
		Debug|iPhone = Debug|iPhone
		Release|iPhone = Release|iPhone
		Ad-Hoc|iPhone = Ad-Hoc|iPhone
		AppStore|iPhone = AppStore|iPhone
	EndGlobalSection
	GlobalSection(ProjectConfigurationPlatforms) = postSolution
		{1E55B888-7CD4-4E93-B6A8-E0F81A8FE462}.Ad-Hoc|iPhone.ActiveCfg = Ad-Hoc|iPhone
		{1E55B888-7CD4-4E93-B6A8-E0F81A8FE462}.Ad-Hoc|iPhone.Build.0 = Ad-Hoc|iPhone
		{1E55B888-7CD4-4E93-B6A8-E0F81A8FE462}.AppStore|iPhone.ActiveCfg = AppStore|iPhone
		{1E55B888-7CD4-4E93-B6A8-E0F81A8FE462}.AppStore|iPhone.Build.0 = AppStore|iPhone
		{1E55B888-7CD4-4E93-B6A8-E0F81A8FE462}.Debug|Any CPU.ActiveCfg = Debug|iPhoneSimulator
		{1E55B888-7CD4-4E93-B6A8-E0F81A8FE462}.Debug|Any CPU.Build.0 = Debug|iPhoneSimulator
		{1E55B888-7CD4-4E93-B6A8-E0F81A8FE462}.Debug|iPhone.ActiveCfg = Debug|iPhone
		{1E55B888-7CD4-4E93-B6A8-E0F81A8FE462}.Debug|iPhone.Build.0 = Debug|iPhone
		{1E55B888-7CD4-4E93-B6A8-E0F81A8FE462}.Debug|iPhoneSimulator.ActiveCfg = Debug|iPhoneSimulator
		{1E55B888-7CD4-4E93-B6A8-E0F81A8FE462}.Debug|iPhoneSimulator.Build.0 = Debug|iPhoneSimulator
		{1E55B888-7CD4-4E93-B6A8-E0F81A8FE462}.Release|Any CPU.ActiveCfg = Release|iPhoneSimulator
		{1E55B888-7CD4-4E93-B6A8-E0F81A8FE462}.Release|Any CPU.Build.0 = Release|iPhoneSimulator
		{1E55B888-7CD4-4E93-B6A8-E0F81A8FE462}.Release|iPhone.ActiveCfg = Release|iPhone
		{1E55B888-7CD4-4E93-B6A8-E0F81A8FE462}.Release|iPhone.Build.0 = Release|iPhone
		{1E55B888-7CD4-4E93-B6A8-E0F81A8FE462}.Release|iPhoneSimulator.ActiveCfg = Release|iPhoneSimulator
		{1E55B888-7CD4-4E93-B6A8-E0F81A8FE462}.Release|iPhoneSimulator.Build.0 = Release|iPhoneSimulator
		{45AD3C90-23ED-4424-9F50-D8E843A59B7A}.Ad-Hoc|iPhone.ActiveCfg = Debug|Any CPU
		{45AD3C90-23ED-4424-9F50-D8E843A59B7A}.Ad-Hoc|iPhone.Build.0 = Debug|Any CPU
		{45AD3C90-23ED-4424-9F50-D8E843A59B7A}.AppStore|iPhone.ActiveCfg = Debug|Any CPU
		{45AD3C90-23ED-4424-9F50-D8E843A59B7A}.AppStore|iPhone.Build.0 = Debug|Any CPU
		{45AD3C90-23ED-4424-9F50-D8E843A59B7A}.Debug|Any CPU.ActiveCfg = Debug|Any CPU
		{45AD3C90-23ED-4424-9F50-D8E843A59B7A}.Debug|Any CPU.Build.0 = Debug|Any CPU
		{45AD3C90-23ED-4424-9F50-D8E843A59B7A}.Debug|iPhone.ActiveCfg = Debug|Any CPU
		{45AD3C90-23ED-4424-9F50-D8E843A59B7A}.Debug|iPhone.Build.0 = Debug|Any CPU
		{45AD3C90-23ED-4424-9F50-D8E843A59B7A}.Debug|iPhoneSimulator.ActiveCfg = Debug|Any CPU
		{45AD3C90-23ED-4424-9F50-D8E843A59B7A}.Debug|iPhoneSimulator.Build.0 = Debug|Any CPU
		{45AD3C90-23ED-4424-9F50-D8E843A59B7A}.Release|Any CPU.ActiveCfg = Release|Any CPU
		{45AD3C90-23ED-4424-9F50-D8E843A59B7A}.Release|Any CPU.Build.0 = Release|Any CPU
		{45AD3C90-23ED-4424-9F50-D8E843A59B7A}.Release|iPhone.ActiveCfg = Release|Any CPU
		{45AD3C90-23ED-4424-9F50-D8E843A59B7A}.Release|iPhone.Build.0 = Release|Any CPU
		{45AD3C90-23ED-4424-9F50-D8E843A59B7A}.Release|iPhoneSimulator.ActiveCfg = Release|Any CPU
		{45AD3C90-23ED-4424-9F50-D8E843A59B7A}.Release|iPhoneSimulator.Build.0 = Release|Any CPU
		{46222A79-8691-42F4-B588-72F41A00581A}.Ad-Hoc|iPhone.ActiveCfg = Debug|Any CPU
		{46222A79-8691-42F4-B588-72F41A00581A}.Ad-Hoc|iPhone.Build.0 = Debug|Any CPU
		{46222A79-8691-42F4-B588-72F41A00581A}.AppStore|iPhone.ActiveCfg = Debug|Any CPU
		{46222A79-8691-42F4-B588-72F41A00581A}.AppStore|iPhone.Build.0 = Debug|Any CPU
		{46222A79-8691-42F4-B588-72F41A00581A}.Debug|Any CPU.ActiveCfg = Debug|Any CPU
		{46222A79-8691-42F4-B588-72F41A00581A}.Debug|Any CPU.Build.0 = Debug|Any CPU
		{46222A79-8691-42F4-B588-72F41A00581A}.Debug|iPhone.ActiveCfg = Debug|Any CPU
		{46222A79-8691-42F4-B588-72F41A00581A}.Debug|iPhone.Build.0 = Debug|Any CPU
		{46222A79-8691-42F4-B588-72F41A00581A}.Debug|iPhoneSimulator.ActiveCfg = Debug|Any CPU
		{46222A79-8691-42F4-B588-72F41A00581A}.Debug|iPhoneSimulator.Build.0 = Debug|Any CPU
		{46222A79-8691-42F4-B588-72F41A00581A}.Release|Any CPU.ActiveCfg = Release|Any CPU
		{46222A79-8691-42F4-B588-72F41A00581A}.Release|Any CPU.Build.0 = Release|Any CPU
		{46222A79-8691-42F4-B588-72F41A00581A}.Release|iPhone.ActiveCfg = Release|Any CPU
		{46222A79-8691-42F4-B588-72F41A00581A}.Release|iPhone.Build.0 = Release|Any CPU
		{46222A79-8691-42F4-B588-72F41A00581A}.Release|iPhoneSimulator.ActiveCfg = Release|Any CPU
		{46222A79-8691-42F4-B588-72F41A00581A}.Release|iPhoneSimulator.Build.0 = Release|Any CPU
		{848066BF-3AC4-4984-B106-7C18D778169E}.Ad-Hoc|iPhone.ActiveCfg = Debug|Any CPU
		{848066BF-3AC4-4984-B106-7C18D778169E}.Ad-Hoc|iPhone.Build.0 = Debug|Any CPU
		{848066BF-3AC4-4984-B106-7C18D778169E}.AppStore|iPhone.ActiveCfg = Debug|Any CPU
		{848066BF-3AC4-4984-B106-7C18D778169E}.AppStore|iPhone.Build.0 = Debug|Any CPU
		{848066BF-3AC4-4984-B106-7C18D778169E}.Debug|Any CPU.ActiveCfg = Debug|Any CPU
		{848066BF-3AC4-4984-B106-7C18D778169E}.Debug|Any CPU.Build.0 = Debug|Any CPU
		{848066BF-3AC4-4984-B106-7C18D778169E}.Debug|iPhone.ActiveCfg = Debug|Any CPU
		{848066BF-3AC4-4984-B106-7C18D778169E}.Debug|iPhone.Build.0 = Debug|Any CPU
		{848066BF-3AC4-4984-B106-7C18D778169E}.Debug|iPhoneSimulator.ActiveCfg = Debug|Any CPU
		{848066BF-3AC4-4984-B106-7C18D778169E}.Debug|iPhoneSimulator.Build.0 = Debug|Any CPU
		{848066BF-3AC4-4984-B106-7C18D778169E}.Release|Any CPU.ActiveCfg = Release|Any CPU
		{848066BF-3AC4-4984-B106-7C18D778169E}.Release|Any CPU.Build.0 = Release|Any CPU
		{848066BF-3AC4-4984-B106-7C18D778169E}.Release|iPhone.ActiveCfg = Release|Any CPU
		{848066BF-3AC4-4984-B106-7C18D778169E}.Release|iPhone.Build.0 = Release|Any CPU
		{848066BF-3AC4-4984-B106-7C18D778169E}.Release|iPhoneSimulator.ActiveCfg = Release|Any CPU
		{848066BF-3AC4-4984-B106-7C18D778169E}.Release|iPhoneSimulator.Build.0 = Release|Any CPU
		{C25BB5A4-5A21-4837-8F8F-B46673937F6D}.Ad-Hoc|iPhone.ActiveCfg = Debug|Any CPU
		{C25BB5A4-5A21-4837-8F8F-B46673937F6D}.Ad-Hoc|iPhone.Build.0 = Debug|Any CPU
		{C25BB5A4-5A21-4837-8F8F-B46673937F6D}.AppStore|iPhone.ActiveCfg = Debug|Any CPU
		{C25BB5A4-5A21-4837-8F8F-B46673937F6D}.AppStore|iPhone.Build.0 = Debug|Any CPU
		{C25BB5A4-5A21-4837-8F8F-B46673937F6D}.Debug|Any CPU.ActiveCfg = Debug|Any CPU
		{C25BB5A4-5A21-4837-8F8F-B46673937F6D}.Debug|Any CPU.Build.0 = Debug|Any CPU
		{C25BB5A4-5A21-4837-8F8F-B46673937F6D}.Debug|iPhone.ActiveCfg = Debug|Any CPU
		{C25BB5A4-5A21-4837-8F8F-B46673937F6D}.Debug|iPhone.Build.0 = Debug|Any CPU
		{C25BB5A4-5A21-4837-8F8F-B46673937F6D}.Debug|iPhoneSimulator.ActiveCfg = Debug|Any CPU
		{C25BB5A4-5A21-4837-8F8F-B46673937F6D}.Debug|iPhoneSimulator.Build.0 = Debug|Any CPU
		{C25BB5A4-5A21-4837-8F8F-B46673937F6D}.Release|Any CPU.ActiveCfg = Release|Any CPU
		{C25BB5A4-5A21-4837-8F8F-B46673937F6D}.Release|Any CPU.Build.0 = Release|Any CPU
		{C25BB5A4-5A21-4837-8F8F-B46673937F6D}.Release|iPhone.ActiveCfg = Release|Any CPU
		{C25BB5A4-5A21-4837-8F8F-B46673937F6D}.Release|iPhone.Build.0 = Release|Any CPU
		{C25BB5A4-5A21-4837-8F8F-B46673937F6D}.Release|iPhoneSimulator.ActiveCfg = Release|Any CPU
		{C25BB5A4-5A21-4837-8F8F-B46673937F6D}.Release|iPhoneSimulator.Build.0 = Release|Any CPU
		{CC5733DE-CD02-451A-8371-2F6067A5CE07}.Ad-Hoc|iPhone.ActiveCfg = Debug|Any CPU
		{CC5733DE-CD02-451A-8371-2F6067A5CE07}.Ad-Hoc|iPhone.Build.0 = Debug|Any CPU
		{CC5733DE-CD02-451A-8371-2F6067A5CE07}.AppStore|iPhone.ActiveCfg = Debug|Any CPU
		{CC5733DE-CD02-451A-8371-2F6067A5CE07}.AppStore|iPhone.Build.0 = Debug|Any CPU
		{CC5733DE-CD02-451A-8371-2F6067A5CE07}.Debug|Any CPU.ActiveCfg = Debug|Any CPU
		{CC5733DE-CD02-451A-8371-2F6067A5CE07}.Debug|Any CPU.Build.0 = Debug|Any CPU
		{CC5733DE-CD02-451A-8371-2F6067A5CE07}.Debug|iPhone.ActiveCfg = Debug|Any CPU
		{CC5733DE-CD02-451A-8371-2F6067A5CE07}.Debug|iPhone.Build.0 = Debug|Any CPU
		{CC5733DE-CD02-451A-8371-2F6067A5CE07}.Debug|iPhoneSimulator.ActiveCfg = Debug|Any CPU
		{CC5733DE-CD02-451A-8371-2F6067A5CE07}.Debug|iPhoneSimulator.Build.0 = Debug|Any CPU
		{CC5733DE-CD02-451A-8371-2F6067A5CE07}.Release|Any CPU.ActiveCfg = Release|Any CPU
		{CC5733DE-CD02-451A-8371-2F6067A5CE07}.Release|Any CPU.Build.0 = Release|Any CPU
		{CC5733DE-CD02-451A-8371-2F6067A5CE07}.Release|iPhone.ActiveCfg = Release|Any CPU
		{CC5733DE-CD02-451A-8371-2F6067A5CE07}.Release|iPhone.Build.0 = Release|Any CPU
		{CC5733DE-CD02-451A-8371-2F6067A5CE07}.Release|iPhoneSimulator.ActiveCfg = Release|Any CPU
		{CC5733DE-CD02-451A-8371-2F6067A5CE07}.Release|iPhoneSimulator.Build.0 = Release|Any CPU
		{89E96EE2-9C28-49B3-AD8D-1FFF4AAD9417}.Debug|Any CPU.ActiveCfg = Debug|Any CPU
		{89E96EE2-9C28-49B3-AD8D-1FFF4AAD9417}.Debug|Any CPU.Build.0 = Debug|Any CPU
		{89E96EE2-9C28-49B3-AD8D-1FFF4AAD9417}.Release|Any CPU.ActiveCfg = Release|Any CPU
		{89E96EE2-9C28-49B3-AD8D-1FFF4AAD9417}.Release|Any CPU.Build.0 = Release|Any CPU
	EndGlobalSection
	GlobalSection(MonoDevelopProperties) = preSolution
		StartupItem = RxApp.Example.Android\RxApp.Example.Android.csproj
	EndGlobalSection
EndGlobal
