
Microsoft Visual Studio Solution File, Format Version 12.00
# Visual Studio 2012
Project("{FAE04EC0-301F-11D3-BF4B-00C04F79EFBC}") = "RxMobile", "RxMobile\RxMobile.csproj", "{14E94940-D2D6-419B-BED3-C38C1FD9B8D9}"
EndProject
Project("{FAE04EC0-301F-11D3-BF4B-00C04F79EFBC}") = "RxMobile.Android", "RxMobile.Android\RxMobile.Android.csproj", "{ACA7995F-7611-4435-98F7-9C32157A7F57}"
EndProject
Global
	GlobalSection(SolutionConfigurationPlatforms) = preSolution
		Debug|Any CPU = Debug|Any CPU
		Release|Any CPU = Release|Any CPU
	EndGlobalSection
	GlobalSection(ProjectConfigurationPlatforms) = postSolution
		{14E94940-D2D6-419B-BED3-C38C1FD9B8D9}.Debug|Any CPU.ActiveCfg = Debug|Any CPU
		{14E94940-D2D6-419B-BED3-C38C1FD9B8D9}.Debug|Any CPU.Build.0 = Debug|Any CPU
		{14E94940-D2D6-419B-BED3-C38C1FD9B8D9}.Release|Any CPU.ActiveCfg = Release|Any CPU
		{14E94940-D2D6-419B-BED3-C38C1FD9B8D9}.Release|Any CPU.Build.0 = Release|Any CPU
		{ACA7995F-7611-4435-98F7-9C32157A7F57}.Debug|Any CPU.ActiveCfg = Debug|Any CPU
		{ACA7995F-7611-4435-98F7-9C32157A7F57}.Debug|Any CPU.Build.0 = Debug|Any CPU
		{ACA7995F-7611-4435-98F7-9C32157A7F57}.Release|Any CPU.ActiveCfg = Release|Any CPU
		{ACA7995F-7611-4435-98F7-9C32157A7F57}.Release|Any CPU.Build.0 = Release|Any CPU
	EndGlobalSection
	GlobalSection(MonoDevelopProperties) = preSolution
		StartupItem = RxMobile\RxMobile.csproj
	EndGlobalSection
EndGlobal
